#MicroXplorer Configuration settings - do not modify
ADC1.Channel-0\#ChannelRegularConversion=ADC_CHANNEL_3
ADC1.Channel-1\#ChannelRegularConversion=ADC_CHANNEL_7
ADC1.Channel-2\#ChannelRegularConversion=ADC_CHANNEL_14
ADC1.Channel-3\#ChannelRegularConversion=ADC_CHANNEL_15
ADC1.Channel-4\#ChannelRegularConversion=ADC_CHANNEL_10
ADC1.Channel-5\#ChannelRegularConversion=ADC_CHANNEL_11
ADC1.ClockPrescaler=ADC_CLOCK_ASYNC_DIV2
ADC1.ContinuousConvMode=ENABLE
ADC1.EOCSelection=ADC_EOC_SEQ_CONV
ADC1.ConversionDataManagement=ADC_CONVERSIONDATA_DMA_CIRCULAR
ADC1.IPParameters=Rank-0\#ChannelRegularConversion,Channel-0\#ChannelRegularConversion,SamplingTime-0\#ChannelRegularConversion,Rank-1\#ChannelRegularConversion,Channel-1\#ChannelRegularConversion,SamplingTime-1\#ChannelRegularConversion,Rank-2\#ChannelRegularConversion,Channel-2\#ChannelRegularConversion,SamplingTime-2\#ChannelRegularConversion,Rank-3\#ChannelRegularConversion,Channel-3\#ChannelRegularConversion,SamplingTime-3\#ChannelRegularConversion,Rank-4\#ChannelRegularConversion,Channel-4\#ChannelRegularConversion,SamplingTime-4\#ChannelRegularConversion,Rank-5\#ChannelRegularConversion,Channel-5\#ChannelRegularConversion,SamplingTime-5\#ChannelRegularConversion,NbrOfConversionFlag,ClockPrescaler,Resolution,ScanConvMode,EOCSelection,ContinuousConvMode,ConversionDataManagement,master
ADC1.NbrOfConversionFlag=6
ADC1.Rank-0\#ChannelRegularConversion=1
ADC1.Rank-1\#ChannelRegularConversion=2
ADC1.Rank-2\#ChannelRegularConversion=3
ADC1.Rank-3\#ChannelRegularConversion=4
ADC1.Rank-4\#ChannelRegularConversion=5
ADC1.Rank-5\#ChannelRegularConversion=6
ADC1.Resolution=ADC_RESOLUTION_16B
ADC1.ScanConvMode=ADC_SCAN_ENABLE
ADC1.SamplingTime-0\#ChannelRegularConversion=ADC_SAMPLETIME_387CYCLES_5
ADC1.SamplingTime-1\#ChannelRegularConversion=ADC_SAMPLETIME_387CYCLES_5
ADC1.SamplingTime-2\#ChannelRegularConversion=ADC_SAMPLETIME_387CYCLES_5
ADC1.SamplingTime-3\#ChannelRegularConversion=ADC_SAMPLETIME_387CYCLES_5
ADC1.SamplingTime-4\#ChannelRegularConversion=ADC_SAMPLETIME_387CYCLES_5
ADC1.SamplingTime-5\#ChannelRegularConversion=ADC_SAMPLETIME_387CYCLES_5
ADC1.master=1
CAD.formats=
CAD.pinconfig=
CAD.provider=
CORTEX_M7.IPParameters=default_mode_Activation
CORTEX_M7.default_mode_Activation=1
Dma.ADC1.0.Direction=DMA_PERIPH_TO_MEMORY
Dma.ADC1.0.EventEnable=DISABLE
Dma.ADC1.0.FIFOMode=DMA_FIFOMODE_DISABLE
Dma.ADC1.0.Instance=DMA1_Stream0
Dma.ADC1.0.MemDataAlignment=DMA_MDATAALIGN_HALFWORD
Dma.ADC1.0.MemInc=DMA_MINC_ENABLE
Dma.ADC1.0.Mode=DMA_CIRCULAR
Dma.ADC1.0.PeriphDataAlignment=DMA_PDATAALIGN_HALFWORD
Dma.ADC1.0.PeriphInc=DMA_PINC_DISABLE
Dma.ADC1.0.Polarity=HAL_DMAMUX_REQ_GEN_RISING
Dma.ADC1.0.Priority=DMA_PRIORITY_LOW
Dma.ADC1.0.RequestNumber=1
Dma.ADC1.0.RequestParameters=Instance,Direction,PeriphInc,MemInc,PeriphDataAlignment,MemDataAlignment,Mode,Priority,FIFOMode,SignalID,Polarity,RequestNumber,SyncSignalID,SyncPolarity,SyncEnable,EventEnable,SyncRequestNumber
Dma.ADC1.0.SignalID=NONE
Dma.ADC1.0.SyncEnable=DISABLE
Dma.ADC1.0.SyncPolarity=HAL_DMAMUX_SYNC_NO_EVENT
Dma.ADC1.0.SyncRequestNumber=1
Dma.ADC1.0.SyncSignalID=NONE
Dma.Request0=ADC1
Dma.RequestsNb=1
File.Version=6
GPIO.groupedBy=Group By Peripherals
KeepUserPlacement=false
MMTAppRegionsCount=0
MMTConfigApplied=false
MMTSectionSuffix=
Mcu.CPN=STM32H723ZGT6
Mcu.Family=STM32H7
Mcu.IP0=ADC1
Mcu.IP1=CORTEX_M7
Mcu.IP2=DMA
Mcu.IP3=MEMORYMAP
Mcu.IP4=NVIC
Mcu.IP5=RCC
Mcu.IP6=SYS
Mcu.IP7=TIM15
Mcu.IP8=USB_DEVICE
Mcu.IP9=USB_OTG_HS
Mcu.IPNb=10
Mcu.Name=STM32H723ZGTx
Mcu.Package=LQFP144
Mcu.Pin0=PE2
Mcu.Pin1=PE3
Mcu.Pin10=PF4
Mcu.Pin11=PF5
Mcu.Pin12=PF6
Mcu.Pin13=PH0-OSC_IN
Mcu.Pin14=PH1-OSC_OUT
Mcu.Pin15=PC0
Mcu.Pin16=PC1
Mcu.Pin17=PA2
Mcu.Pin18=PA3
Mcu.Pin19=PA6
Mcu.Pin2=PE4
Mcu.Pin20=PA7
Mcu.Pin21=PC4
Mcu.Pin22=PC5
Mcu.Pin23=PB0
Mcu.Pin24=PB1
Mcu.Pin25=PB2
Mcu.Pin26=PE7
Mcu.Pin27=PE8
Mcu.Pin28=PE9
Mcu.Pin29=PE10
Mcu.Pin3=PE5
Mcu.Pin30=PE11
Mcu.Pin31=PE12
Mcu.Pin32=PE13
Mcu.Pin33=PE14
Mcu.Pin34=PE15
Mcu.Pin35=PB10
Mcu.Pin36=PB11
Mcu.Pin37=PB12
Mcu.Pin38=PB13
Mcu.Pin39=PD8
Mcu.Pin4=PE6
Mcu.Pin40=PD9
Mcu.Pin41=PD10
Mcu.Pin42=PD11
Mcu.Pin43=PD12
Mcu.Pin44=PG6
Mcu.Pin45=PG7
Mcu.Pin46=PG8
Mcu.Pin47=PC6
Mcu.Pin48=PC7
Mcu.Pin49=PC8
Mcu.Pin5=PC13
Mcu.Pin50=PC9
Mcu.Pin51=PA11
Mcu.Pin52=PA12
Mcu.Pin53=PC10
Mcu.Pin54=PC11
Mcu.Pin55=PC12
Mcu.Pin56=PD0
Mcu.Pin57=PD1
Mcu.Pin58=PD2
Mcu.Pin59=PD3
Mcu.Pin6=PF0
Mcu.Pin60=PD4
Mcu.Pin61=PD5
Mcu.Pin62=PD6
Mcu.Pin63=PD7
Mcu.Pin64=PG9
Mcu.Pin65=PG10
Mcu.Pin66=PG11
Mcu.Pin67=PG12
Mcu.Pin68=PG13
Mcu.Pin69=PG14
Mcu.Pin7=PF1
Mcu.Pin70=PB3(JTDO/TRACESWO)
Mcu.Pin71=PB4(NJTRST)
Mcu.Pin72=PB5
Mcu.Pin73=PB6
Mcu.Pin74=PB7
Mcu.Pin75=PB8
Mcu.Pin76=PB9
Mcu.Pin77=PE0
Mcu.Pin78=PE1
Mcu.Pin79=VP_RCC_USB
Mcu.Pin8=PF2
Mcu.Pin80=VP_SYS_VS_Systick
Mcu.Pin81=VP_TIM15_VS_ClockSourceINT
Mcu.Pin82=VP_USB_DEVICE_VS_USB_DEVICE_CUSTOM_HID_HS
Mcu.Pin83=VP_MEMORYMAP_VS_MEMORYMAP
Mcu.Pin9=PF3
Mcu.PinsNb=84
Mcu.ThirdPartyNb=0
Mcu.UserConstants=
Mcu.UserName=STM32H723ZGTx
MxCube.Version=6.16.1
MxDb.Version=DB.6.0.161
NVIC.BusFault_IRQn=true\:0\:0\:false\:false\:true\:false\:false\:false
NVIC.DMA1_Stream0_IRQn=true\:0\:0\:false\:false\:true\:false\:true\:true
NVIC.DebugMonitor_IRQn=true\:0\:0\:false\:false\:true\:false\:false\:false
NVIC.ForceEnableDMAVector=true
NVIC.HardFault_IRQn=true\:0\:0\:false\:false\:true\:false\:false\:false
NVIC.MemoryManagement_IRQn=true\:0\:0\:false\:false\:true\:false\:false\:false
NVIC.NonMaskableInt_IRQn=true\:0\:0\:false\:false\:true\:false\:false\:false
NVIC.OTG_HS_EP1_IN_IRQn=true\:0\:0\:false\:false\:true\:true\:true\:true
NVIC.OTG_HS_EP1_OUT_IRQn=true\:0\:0\:false\:false\:true\:true\:true\:true
NVIC.OTG_HS_IRQn=true\:0\:0\:false\:false\:true\:true\:true\:true
NVIC.PendSV_IRQn=true\:0\:0\:false\:false\:true\:false\:false\:false
NVIC.PriorityGroup=NVIC_PRIORITYGROUP_4
NVIC.SVCall_IRQn=true\:0\:0\:false\:false\:true\:false\:false\:false
NVIC.SysTick_IRQn=true\:15\:0\:false\:false\:true\:false\:true\:false
NVIC.TIM15_IRQn=true\:0\:0\:false\:false\:true\:true\:true\:true
NVIC.UsageFault_IRQn=true\:0\:0\:false\:false\:true\:false\:false\:false
PA11.Mode=Device_Only_FS
PA11.Signal=USB_OTG_HS_DM
PA12.Mode=Device_Only_FS
PA12.Signal=USB_OTG_HS_DP
PA2.Signal=ADCx_INP14
PA3.Signal=ADCx_INP15
PA6.Signal=ADCx_INP3
PA7.Signal=ADCx_INP7
PB0.GPIOParameters=GPIO_PuPd,GPIO_Label
PB0.GPIO_Label=BTN_30_LHG_HAT1_RIGHT
PB0.GPIO_PuPd=GPIO_PULLUP
PB0.Signal=GPIO_Input
PB1.GPIOParameters=GPIO_PuPd,GPIO_Label
PB1.GPIO_Label=BTN_31_LHG_HAT2_UP
PB1.GPIO_PuPd=GPIO_PULLUP
PB1.Signal=GPIO_Input
PB10.GPIOParameters=GPIO_PuPd,GPIO_Label
PB10.GPIO_Label=BTN_40_LHG_TEMP1_B
PB10.GPIO_PuPd=GPIO_PULLUP
PB10.Signal=GPIO_Input
PB11.GPIOParameters=GPIO_PuPd,GPIO_Label
PB11.GPIO_Label=BTN_41_LHG_TEMP2_A
PB11.GPIO_PuPd=GPIO_PULLUP
PB11.Signal=GPIO_Input
PB12.GPIOParameters=GPIO_PuPd,GPIO_Label
PB12.GPIO_Label=BTN_42_LHG_TEMP2_B
PB12.GPIO_PuPd=GPIO_PULLUP
PB12.Signal=GPIO_Input
PB13.GPIOParameters=GPIO_PuPd,GPIO_Label
PB13.GPIO_Label=BTN_43_LHG_TEMP3_A
PB13.GPIO_PuPd=GPIO_PULLUP
PB13.Signal=GPIO_Input
PB2.GPIOParameters=GPIO_PuPd,GPIO_Label
PB2.GPIO_Label=BTN_32_LHG_HAT2_DOWN
PB2.GPIO_PuPd=GPIO_PULLUP
PB2.Signal=GPIO_Input
PB3(JTDO/TRACESWO).GPIOParameters=GPIO_PuPd,GPIO_Label
PB3(JTDO/TRACESWO).GPIO_Label=BTN_33_LHG_HAT2_LEFT
PB3(JTDO/TRACESWO).GPIO_PuPd=GPIO_PULLUP
PB3(JTDO/TRACESWO).Signal=GPIO_Input
PB4(NJTRST).GPIOParameters=GPIO_PuPd,GPIO_Label
PB4(NJTRST).GPIO_Label=BTN_34_LHG_HAT2_RIGHT
PB4(NJTRST).GPIO_PuPd=GPIO_PULLUP
PB4(NJTRST).Signal=GPIO_Input
PB5.GPIOParameters=GPIO_PuPd,GPIO_Label
PB5.GPIO_Label=BTN_35_LHG_HAT3_UP
PB5.GPIO_PuPd=GPIO_PULLUP
PB5.Signal=GPIO_Input
PB6.GPIOParameters=GPIO_PuPd,GPIO_Label
PB6.GPIO_Label=BTN_36_LHG_HAT3_DOWN
PB6.GPIO_PuPd=GPIO_PULLUP
PB6.Signal=GPIO_Input
PB7.GPIOParameters=GPIO_PuPd,GPIO_Label
PB7.GPIO_Label=BTN_37_LHG_HAT3_LEFT
PB7.GPIO_PuPd=GPIO_PULLUP
PB7.Signal=GPIO_Input
PB8.GPIOParameters=GPIO_PuPd,GPIO_Label
PB8.GPIO_Label=BTN_38_LHG_HAT3_RIGHT
PB8.GPIO_PuPd=GPIO_PULLUP
PB8.Signal=GPIO_Input
PB9.GPIOParameters=GPIO_PuPd,GPIO_Label
PB9.GPIO_Label=BTN_39_LHG_TEMP1_A
PB9.GPIO_PuPd=GPIO_PULLUP
PB9.Signal=GPIO_Input
PC0.Signal=ADCx_INP10
PC1.Signal=ADCx_INP11
PC10.GPIOParameters=GPIO_PuPd,GPIO_Label
PC10.GPIO_Label=BTN_50_RHG_SW3
PC10.GPIO_PuPd=GPIO_PULLUP
PC10.Signal=GPIO_Input
PC11.GPIOParameters=GPIO_PuPd,GPIO_Label
PC11.GPIO_Label=BTN_51_RHG_SW4
PC11.GPIO_PuPd=GPIO_PULLUP
PC11.Signal=GPIO_Input
PC12.GPIOParameters=GPIO_PuPd,GPIO_Label
PC12.GPIO_Label=BTN_52_RHG_SW5
PC12.GPIO_PuPd=GPIO_PULLUP
PC12.Signal=GPIO_Input
PC13.GPIOParameters=GPIO_PuPd,GPIO_Label
PC13.GPIO_Label=BTN_53_RHG_SW6
PC13.GPIO_PuPd=GPIO_PULLUP
PC13.Signal=GPIO_Input
PC4.GPIOParameters=GPIO_PuPd,GPIO_Label
PC4.GPIO_Label=BTN_44_LHG_TEMP3_B
PC4.GPIO_PuPd=GPIO_PULLUP
PC4.Signal=GPIO_Input
PC5.GPIOParameters=GPIO_PuPd,GPIO_Label
PC5.GPIO_Label=BTN_45_LHG_3POS_A
PC5.GPIO_PuPd=GPIO_PULLUP
PC5.Signal=GPIO_Input
PC6.GPIOParameters=GPIO_PuPd,GPIO_Label
PC6.GPIO_Label=BTN_46_LHG_3POS_B
PC6.GPIO_PuPd=GPIO_PULLUP
PC6.Signal=GPIO_Input
PC7.GPIOParameters=GPIO_PuPd,GPIO_Label
PC7.GPIO_Label=BTN_47_LHG_PUSH
PC7.GPIO_PuPd=GPIO_PULLUP
PC7.Signal=GPIO_Input
PC8.GPIOParameters=GPIO_PuPd,GPIO_Label
PC8.GPIO_Label=BTN_48_RHG_SW1
PC8.GPIO_PuPd=GPIO_PULLUP
PC8.Signal=GPIO_Input
PC9.GPIOParameters=GPIO_PuPd,GPIO_Label
PC9.GPIO_Label=BTN_49_RHG_SW2
PC9.GPIO_PuPd=GPIO_PULLUP
PC9.Signal=GPIO_Input
PD0.GPIOParameters=GPIO_PuPd,GPIO_Label
PD0.GPIO_Label=BTN_22_LHG_SW1
PD0.GPIO_PuPd=GPIO_PULLUP
PD0.Signal=GPIO_Input
PD1.GPIOParameters=GPIO_PuPd,GPIO_Label
PD1.GPIO_Label=BTN_23_LHG_SW2
PD1.GPIO_PuPd=GPIO_PULLUP
PD1.Signal=GPIO_Input
PD10.GPIOParameters=GPIO_PuPd,GPIO_Label
PD10.GPIO_Label=BTN_19_TDU_COM_DOWN
PD10.GPIO_PuPd=GPIO_PULLUP
PD10.Signal=GPIO_Input
PD11.GPIOParameters=GPIO_PuPd,GPIO_Label
PD11.GPIO_Label=BTN_20_TDU_DAY
PD11.GPIO_PuPd=GPIO_PULLUP
PD11.Signal=GPIO_Input
PD12.GPIOParameters=GPIO_PuPd,GPIO_Label
PD12.GPIO_Label=BTN_21_TDU_NT
PD12.GPIO_PuPd=GPIO_PULLUP
PD12.Signal=GPIO_Input
PD2.GPIOParameters=GPIO_PuPd,GPIO_Label
PD2.GPIO_Label=BTN_24_LHG_SW3
PD2.GPIO_PuPd=GPIO_PULLUP
PD2.Signal=GPIO_Input
PD3.GPIOParameters=GPIO_PuPd,GPIO_Label
PD3.GPIO_Label=BTN_25_LHG_SW4
PD3.GPIO_PuPd=GPIO_PULLUP
PD3.Signal=GPIO_Input
PD4.GPIOParameters=GPIO_PuPd,GPIO_Label
PD4.GPIO_Label=BTN_26_LHG_SW5
PD4.GPIO_PuPd=GPIO_PULLUP
PD4.Signal=GPIO_Input
PD5.GPIOParameters=GPIO_PuPd,GPIO_Label
PD5.GPIO_Label=BTN_27_LHG_HAT1_UP
PD5.GPIO_PuPd=GPIO_PULLUP
PD5.Signal=GPIO_Input
PD6.GPIOParameters=GPIO_PuPd,GPIO_Label
PD6.GPIO_Label=BTN_28_LHG_HAT1_DOWN
PD6.GPIO_PuPd=GPIO_PULLUP
PD6.Signal=GPIO_Input
PD7.GPIOParameters=GPIO_PuPd,GPIO_Label
PD7.GPIO_Label=BTN_29_LHG_HAT1_LEFT
PD7.GPIO_PuPd=GPIO_PULLUP
PD7.Signal=GPIO_Input
PD8.GPIOParameters=GPIO_PuPd,GPIO_Label
PD8.GPIO_Label=BTN_17_TDU_BRT_DOWN
PD8.GPIO_PuPd=GPIO_PULLUP
PD8.Signal=GPIO_Input
PD9.GPIOParameters=GPIO_PuPd,GPIO_Label
PD9.GPIO_Label=BTN_18_TDU_COM_UP
PD9.GPIO_PuPd=GPIO_PULLUP
PD9.Signal=GPIO_Input
PE0.GPIOParameters=GPIO_PuPd,GPIO_Label
PE0.GPIO_Label=BTN_01_TDU_TAD
PE0.GPIO_PuPd=GPIO_PULLUP
PE0.Signal=GPIO_Input
PE1.GPIOParameters=GPIO_PuPd,GPIO_Label
PE1.GPIO_Label=BTN_02_TDU_FCR
PE1.GPIO_PuPd=GPIO_PULLUP
PE1.Signal=GPIO_Input
PE10.GPIOParameters=GPIO_PuPd,GPIO_Label
PE10.GPIO_Label=BTN_11_TDU_RF_DOWN
PE10.GPIO_PuPd=GPIO_PULLUP
PE10.Signal=GPIO_Input
PE11.GPIOParameters=GPIO_PuPd,GPIO_Label
PE11.GPIO_Label=BTN_12_TDU_EL_UP
PE11.GPIO_PuPd=GPIO_PULLUP
PE11.Signal=GPIO_Input
PE12.GPIOParameters=GPIO_PuPd,GPIO_Label
PE12.GPIO_Label=BTN_13_TDU_EL_DOWN
PE12.GPIO_PuPd=GPIO_PULLUP
PE12.Signal=GPIO_Input
PE13.GPIOParameters=GPIO_PuPd,GPIO_Label
PE13.GPIO_Label=BTN_14_TDU_SYM_UP
PE13.GPIO_PuPd=GPIO_PULLUP
PE13.Signal=GPIO_Input
PE14.GPIOParameters=GPIO_PuPd,GPIO_Label
PE14.GPIO_Label=BTN_15_TDU_SYM_DOWN
PE14.GPIO_PuPd=GPIO_PULLUP
PE14.Signal=GPIO_Input
PE15.GPIOParameters=GPIO_PuPd,GPIO_Label
PE15.GPIO_Label=BTN_16_TDU_BRT_UP
PE15.GPIO_PuPd=GPIO_PULLUP
PE15.Signal=GPIO_Input
PE2.GPIOParameters=GPIO_PuPd,GPIO_Label
PE2.GPIO_Label=BTN_03_TDU_PNV
PE2.GPIO_PuPd=GPIO_PULLUP
PE2.Signal=GPIO_Input
PE3.GPIOParameters=GPIO_PuPd,GPIO_Label
PE3.GPIO_Label=BTN_04_TDU_GS
PE3.GPIO_PuPd=GPIO_PULLUP
PE3.Signal=GPIO_Input
PE4.GPIOParameters=GPIO_PuPd,GPIO_Label
PE4.GPIO_Label=BTN_05_TDU_AZ
PE4.GPIO_PuPd=GPIO_PULLUP
PE4.Signal=GPIO_Input
PE5.GPIOParameters=GPIO_PuPd,GPIO_Label
PE5.GPIO_Label=BTN_06_TDU_SW6
PE5.GPIO_PuPd=GPIO_PULLUP
PE5.Signal=GPIO_Input
PE6.GPIOParameters=GPIO_PuPd,GPIO_Label
PE6.GPIO_Label=BTN_07_TDU_SW7
PE6.GPIO_PuPd=GPIO_PULLUP
PE6.Signal=GPIO_Input
PE7.GPIOParameters=GPIO_PuPd,GPIO_Label
PE7.GPIO_Label=BTN_08_TDU_LMC
PE7.GPIO_PuPd=GPIO_PULLUP
PE7.Signal=GPIO_Input
PE8.GPIOParameters=GPIO_PuPd,GPIO_Label
PE8.GPIO_Label=BTN_09_TDU_CAGE
PE8.GPIO_PuPd=GPIO_PULLUP
PE8.Signal=GPIO_Input
PE9.GPIOParameters=GPIO_PuPd,GPIO_Label
PE9.GPIO_Label=BTN_10_TDU_RF_UP
PE9.GPIO_PuPd=GPIO_PULLUP
PE9.Signal=GPIO_Input
PF0.GPIOParameters=GPIO_PuPd,GPIO_Label
PF0.GPIO_Label=BTN_54_RHG_SW7
PF0.GPIO_PuPd=GPIO_PULLUP
PF0.Signal=GPIO_Input
PF1.GPIOParameters=GPIO_PuPd,GPIO_Label
PF1.GPIO_Label=BTN_55_RHG_HAT1_UP
PF1.GPIO_PuPd=GPIO_PULLUP
PF1.Signal=GPIO_Input
PF2.GPIOParameters=GPIO_PuPd,GPIO_Label
PF2.GPIO_Label=BTN_56_RHG_HAT1_DOWN
PF2.GPIO_PuPd=GPIO_PULLUP
PF2.Signal=GPIO_Input
PF3.GPIOParameters=GPIO_PuPd,GPIO_Label
PF3.GPIO_Label=BTN_57_RHG_HAT1_LEFT
PF3.GPIO_PuPd=GPIO_PULLUP
PF3.Signal=GPIO_Input
PF4.GPIOParameters=GPIO_PuPd,GPIO_Label
PF4.GPIO_Label=BTN_58_RHG_HAT1_RIGHT
PF4.GPIO_PuPd=GPIO_PULLUP
PF4.Signal=GPIO_Input
PF5.GPIOParameters=GPIO_PuPd,GPIO_Label
PF5.GPIO_Label=BTN_59_RHG_HAT2_UP
PF5.GPIO_PuPd=GPIO_PULLUP
PF5.Signal=GPIO_Input
PF6.GPIOParameters=GPIO_PuPd,GPIO_Label
PF6.GPIO_Label=BTN_60_RHG_HAT2_DOWN
PF6.GPIO_PuPd=GPIO_PULLUP
PF6.Signal=GPIO_Input
PG10.GPIOParameters=GPIO_PuPd,GPIO_Label
PG10.GPIO_Label=BTN_65_RHG_3POS1_A
PG10.GPIO_PuPd=GPIO_PULLUP
PG10.Signal=GPIO_Input
PG11.GPIOParameters=GPIO_PuPd,GPIO_Label
PG11.GPIO_Label=BTN_66_RHG_3POS1_B
PG11.GPIO_PuPd=GPIO_PULLUP
PG11.Signal=GPIO_Input
PG12.GPIOParameters=GPIO_PuPd,GPIO_Label
PG12.GPIO_Label=BTN_67_RHG_3POS2_A
PG12.GPIO_PuPd=GPIO_PULLUP
PG12.Signal=GPIO_Input
PG13.GPIOParameters=GPIO_PuPd,GPIO_Label
PG13.GPIO_Label=BTN_68_RHG_3POS2_B
PG13.GPIO_PuPd=GPIO_PULLUP
PG13.Signal=GPIO_Input
PG14.GPIOParameters=GPIO_PuPd,GPIO_Label
PG14.GPIO_Label=BTN_69_RHG_PUSH
PG14.GPIO_PuPd=GPIO_PULLUP
PG14.Signal=GPIO_Input
PG6.GPIOParameters=GPIO_PuPd,GPIO_Label
PG6.GPIO_Label=BTN_61_RHG_HAT2_LEFT
PG6.GPIO_PuPd=GPIO_PULLUP
PG6.Signal=GPIO_Input
PG7.GPIOParameters=GPIO_PuPd,GPIO_Label
PG7.GPIO_Label=BTN_62_RHG_HAT2_RIGHT
PG7.GPIO_PuPd=GPIO_PULLUP
PG7.Signal=GPIO_Input
PG8.GPIOParameters=GPIO_PuPd,GPIO_Label
PG8.GPIO_Label=BTN_63_RHG_TEMP_A
PG8.GPIO_PuPd=GPIO_PULLUP
PG8.Signal=GPIO_Input
PG9.GPIOParameters=GPIO_PuPd,GPIO_Label
PG9.GPIO_Label=BTN_64_RHG_TEMP_B
PG9.GPIO_PuPd=GPIO_PULLUP
PG9.Signal=GPIO_Input
PH0-OSC_IN.Mode=HSE-External-Oscillator
PH0-OSC_IN.Signal=RCC_OSC_IN
PH1-OSC_OUT.Mode=HSE-External-Oscillator
PH1-OSC_OUT.Signal=RCC_OSC_OUT
PinOutPanel.RotationAngle=0
ProjectManager.AskForMigrate=true
ProjectManager.BackupPrevious=true
ProjectManager.CompilerLinker=GCC
ProjectManager.CompilerOptimize=6
ProjectManager.ComputerToolchain=false
ProjectManager.CoupleFile=false
ProjectManager.CustomerFirmwarePackage=
ProjectManager.DefaultFWLocation=true
ProjectManager.DeletePrevious=true
ProjectManager.DeviceId=STM32H723ZGTx
ProjectManager.FirmwarePackage=STM32Cube FW_H7 V1.12.1
ProjectManager.FreePins=false
ProjectManager.FreePinsContext=
ProjectManager.HalAssertFull=false
ProjectManager.HeapSize=0x200
ProjectManager.KeepUserCode=true
ProjectManager.LastFirmware=true
ProjectManager.LibraryCopy=1
ProjectManager.MainLocation=Core/Src
ProjectManager.NoMain=false
ProjectManager.PreviousToolchain=
ProjectManager.ProjectBuild=false
ProjectManager.ProjectFileName=TEDAC_HID.ioc
ProjectManager.ProjectName=TEDAC_HID
ProjectManager.ProjectStructure=
ProjectManager.RegisterCallBack=
ProjectManager.StackSize=0x400
ProjectManager.TargetToolchain=STM32CubeIDE
ProjectManager.ToolChainLocation=
ProjectManager.UAScriptAfterPath=
ProjectManager.UAScriptBeforePath=
ProjectManager.UnderRoot=false
ProjectManager.functionlistsort=1-SystemClock_Config-RCC-false-HAL-false,2-MX_GPIO_Init-GPIO-false-HAL-true,3-MX_DMA_Init-DMA-false-HAL-true,4-MX_ADC1_Init-ADC1-false-HAL-true,5-MX_TIM15_Init-TIM15-false-HAL-true,6-MX_USB_DEVICE_Init-USB_DEVICE-false-HAL-false,0-MX_CORTEX_M7_Init-CORTEX_M7-false-HAL-true
RCC.ADCFreq_Value=20000000
RCC.AHB12Freq_Value=275000000
RCC.AHB4Freq_Value=275000000
RCC.APB1Freq_Value=137500000
RCC.APB2Freq_Value=137500000
RCC.APB3Freq_Value=137500000
RCC.APB4Freq_Value=137500000
RCC.AXIClockFreq_Value=275000000
RCC.CECFreq_Value=32000
RCC.CKPERFreq_Value=64000000
RCC.CortexFreq_Value=275000000
RCC.CpuClockFreq_Value=275000000
RCC.D1CPREFreq_Value=275000000
RCC.D1PPRE=RCC_APB3_DIV2
RCC.D2PPRE1=RCC_APB1_DIV2
RCC.D2PPRE2=RCC_APB2_DIV2
RCC.D3PPRE=RCC_APB4_DIV2
RCC.DFSDMACLkFreq_Value=55000000
RCC.DFSDMFreq_Value=137500000
RCC.DIVM1=2
RCC.DIVM2=2
RCC.DIVM3=2
RCC.DIVN1=22
RCC.DIVN2=40
RCC.DIVN3=24
RCC.DIVP1=1
RCC.DIVP1Freq_Value=275000000
RCC.DIVP2=25
RCC.DIVP2Freq_Value=20000000
RCC.DIVP3Freq_Value=150000000
RCC.DIVQ1=5
RCC.DIVQ1Freq_Value=55000000
RCC.DIVQ2Freq_Value=250000000
RCC.DIVQ3=5
RCC.DIVQ3Freq_Value=60000000
RCC.DIVR1Freq_Value=137500000
RCC.DIVR2Freq_Value=250000000
RCC.DIVR3Freq_Value=150000000
RCC.FDCANFreq_Value=55000000
RCC.FMCFreq_Value=275000000
RCC.FamilyName=M
RCC.HCLK3ClockFreq_Value=275000000
RCC.HCLKFreq_Value=275000000
RCC.I2C123Freq_Value=137500000
RCC.I2C4Freq_Value=137500000
RCC.IPParameters=ADCFreq_Value,AHB12Freq_Value,AHB4Freq_Value,APB1Freq_Value,APB2Freq_Value,APB3Freq_Value,APB4Freq_Value,AXIClockFreq_Value,CECFreq_Value,CKPERFreq_Value,CortexFreq_Value,CpuClockFreq_Value,D1CPREFreq_Value,D1PPRE,D2PPRE1,D2PPRE2,D3PPRE,DFSDMACLkFreq_Value,DFSDMFreq_Value,DIVM1,DIVM2,DIVM3,DIVN1,DIVN2,DIVN3,DIVP1,DIVP1Freq_Value,DIVP2,DIVP2Freq_Value,DIVP3Freq_Value,DIVQ1,DIVQ1Freq_Value,DIVQ2Freq_Value,DIVQ3,DIVQ3Freq_Value,DIVR1Freq_Value,DIVR2Freq_Value,DIVR3Freq_Value,FDCANFreq_Value,FMCFreq_Value,FamilyName,HCLK3ClockFreq_Value,HCLKFreq_Value,I2C123Freq_Value,I2C4Freq_Value,LPTIM1Freq_Value,LPTIM2Freq_Value,LPTIM345Freq_Value,LPUART1Freq_Value,LTDCFreq_Value,MCO1PinFreq_Value,MCO2PinFreq_Value,PLL2FRACN,PLL3FRACN,PLLFRACN,PLLSourceVirtual,QSPIFreq_Value,RNGFreq_Value,RTCFreq_Value,SAI1Freq_Value,SAI4AFreq_Value,SAI4BFreq_Value,SDMMCFreq_Value,SPDIFRXFreq_Value,SPI123Freq_Value,SPI45Freq_Value,SPI6Freq_Value,SWPMI1Freq_Value,SYSCLKFreq_VALUE,SYSCLKSource,Tim1OutputFreq_Value,Tim2OutputFreq_Value,TraceFreq_Value,USART16Freq_Value,USART234578Freq_Value,USBCLockSelection,USBFreq_Value,VCO1OutputFreq_Value,VCO2OutputFreq_Value,VCO3OutputFreq_Value,VCOInput1Freq_Value,VCOInput2Freq_Value,VCOInput3Freq_Value
RCC.LPTIM1Freq_Value=137500000
RCC.LPTIM2Freq_Value=137500000
RCC.LPTIM345Freq_Value=137500000
RCC.LPUART1Freq_Value=137500000
RCC.LTDCFreq_Value=150000000
RCC.MCO1PinFreq_Value=64000000
RCC.MCO2PinFreq_Value=275000000
RCC.PLL2FRACN=0
RCC.PLL3FRACN=0
RCC.PLLFRACN=0
RCC.PLLSourceVirtual=RCC_PLLSOURCE_HSE
RCC.QSPIFreq_Value=275000000
RCC.RNGFreq_Value=48000000
RCC.RTCFreq_Value=32000
RCC.SAI1Freq_Value=55000000
RCC.SAI4AFreq_Value=55000000
RCC.SAI4BFreq_Value=55000000
RCC.SDMMCFreq_Value=55000000
RCC.SPDIFRXFreq_Value=55000000
RCC.SPI123Freq_Value=55000000
RCC.SPI45Freq_Value=137500000
RCC.SPI6Freq_Value=137500000
RCC.SWPMI1Freq_Value=137500000
RCC.SYSCLKFreq_VALUE=275000000
RCC.SYSCLKSource=RCC_SYSCLKSOURCE_PLLCLK
RCC.Tim1OutputFreq_Value=275000000
RCC.Tim2OutputFreq_Value=275000000
RCC.TraceFreq_Value=64000000
RCC.USART16Freq_Value=137500000
RCC.USART234578Freq_Value=137500000
RCC.USBCLockSelection=RCC_USBCLKSOURCE_HSI48
RCC.USBFreq_Value=48000000
RCC.VCO1OutputFreq_Value=275000000
RCC.VCO2OutputFreq_Value=500000000
RCC.VCO3OutputFreq_Value=300000000
RCC.VCOInput1Freq_Value=12500000
RCC.VCOInput2Freq_Value=12500000
RCC.VCOInput3Freq_Value=12500000
SH.ADCx_INP10.0=ADC1_INP10,IN10-Single-Ended
SH.ADCx_INP10.ConfNb=1
SH.ADCx_INP11.0=ADC1_INP11,IN11-Single-Ended
SH.ADCx_INP11.ConfNb=1
SH.ADCx_INP14.0=ADC1_INP14,IN14-Single-Ended
SH.ADCx_INP14.ConfNb=1
SH.ADCx_INP15.0=ADC1_INP15,IN15-Single-Ended
SH.ADCx_INP15.ConfNb=1
SH.ADCx_INP3.0=ADC1_INP3
SH.ADCx_INP3.ConfNb=1
SH.ADCx_INP7.0=ADC1_INP7
SH.ADCx_INP7.ConfNb=1
TIM15.IPParameters=Prescaler,Period,TIM_MasterOutputTrigger
TIM15.Period=100-1
TIM15.Prescaler=2750-1
TIM15.TIM_MasterOutputTrigger=TIM_TRGO_UPDATE
USB_DEVICE.CLASS_NAME_HS=CUSTOM_HID
USB_DEVICE.IPParameters=VirtualMode,VirtualModeHS,CLASS_NAME_HS,MANUFACTURER_STRING,PRODUCT_STRING_CUSTOMHID_HS,USBD_CUSTOM_HID_REPORT_DESC_SIZE
USB_DEVICE.MANUFACTURER_STRING=DIPRE
USB_DEVICE.PRODUCT_STRING_CUSTOMHID_HS=TEDAC AH-64D
USB_DEVICE.USBD_CUSTOM_HID_REPORT_DESC_SIZE=0x1E
USB_DEVICE.VirtualMode=CustomHid
USB_DEVICE.VirtualModeHS=Custom_Hid_HS
USB_OTG_HS.IPParameters=VirtualMode-Device_Only_FS
USB_OTG_HS.VirtualMode-Device_Only_FS=Device_Only_FS
VP_MEMORYMAP_VS_MEMORYMAP.Mode=CurAppReg
VP_MEMORYMAP_VS_MEMORYMAP.Signal=MEMORYMAP_VS_MEMORYMAP
VP_RCC_USB.Mode=USB_HS
VP_RCC_USB.Signal=RCC_USB
VP_SYS_VS_Systick.Mode=SysTick
VP_SYS_VS_Systick.Signal=SYS_VS_Systick
VP_TIM15_VS_ClockSourceINT.Mode=Internal
VP_TIM15_VS_ClockSourceINT.Signal=TIM15_VS_ClockSourceINT
VP_USB_DEVICE_VS_USB_DEVICE_CUSTOM_HID_HS.Mode=CUSTOM_HID_HS
VP_USB_DEVICE_VS_USB_DEVICE_CUSTOM_HID_HS.Signal=USB_DEVICE_VS_USB_DEVICE_CUSTOM_HID_HS
board=custom
